
Microsoft Visual Studio Solution File, Format Version 12.00
# Visual Studio Version 17
VisualStudioVersion = 17.11.35312.102
MinimumVisualStudioVersion = 10.0.40219.1
Project("{FAE04EC0-301F-11D3-BF4B-00C04F79EFBC}") = "poc-dependency-injection.API", "poc-dependency-injection.API.csproj", "{86157D96-7707-4FF8-AE08-17CFFF7A8A54}"
	ProjectSection(ProjectDependencies) = postProject
		{623D33FA-25D5-4BEA-83FF-6FD567AE4A6E} = {623D33FA-25D5-4BEA-83FF-6FD567AE4A6E}
		{76BB8993-D1E9-4B25-A1F7-C7E2DD58E1D3} = {76BB8993-D1E9-4B25-A1F7-C7E2DD58E1D3}
		{822B6DBA-94A1-4F42-8EB0-AD7675D3DF2B} = {822B6DBA-94A1-4F42-8EB0-AD7675D3DF2B}
	EndProjectSection
EndProject
Project("{FAE04EC0-301F-11D3-BF4B-00C04F79EFBC}") = "poc-dependency-injection.Tests", "..\poc-dependency-injection.Tests\poc-dependency-injection.Tests.csproj", "{4391E635-9BE8-4674-A2C4-4DEF93AF47E0}"
	ProjectSection(ProjectDependencies) = postProject
		{0CDB5810-1C82-41B0-816A-B61156741666} = {0CDB5810-1C82-41B0-816A-B61156741666}
		{76BB8993-D1E9-4B25-A1F7-C7E2DD58E1D3} = {76BB8993-D1E9-4B25-A1F7-C7E2DD58E1D3}
		{822B6DBA-94A1-4F42-8EB0-AD7675D3DF2B} = {822B6DBA-94A1-4F42-8EB0-AD7675D3DF2B}
		{86157D96-7707-4FF8-AE08-17CFFF7A8A54} = {86157D96-7707-4FF8-AE08-17CFFF7A8A54}
	EndProjectSection
EndProject
Project("{FAE04EC0-301F-11D3-BF4B-00C04F79EFBC}") = "poc-dependency-injection.Application", "..\poc-dependency-injection.Application\poc-dependency-injection.Application.csproj", "{76BB8993-D1E9-4B25-A1F7-C7E2DD58E1D3}"
	ProjectSection(ProjectDependencies) = postProject
		{0CDB5810-1C82-41B0-816A-B61156741666} = {0CDB5810-1C82-41B0-816A-B61156741666}
	EndProjectSection
EndProject
Project("{FAE04EC0-301F-11D3-BF4B-00C04F79EFBC}") = "poc-dependency-injection.Domain", "..\poc-dependency-injection.Domain\poc-dependency-injection.Domain.csproj", "{0CDB5810-1C82-41B0-816A-B61156741666}"
EndProject
Project("{FAE04EC0-301F-11D3-BF4B-00C04F79EFBC}") = "poc-dependency-injection.Infra.Data", "..\poc-dependency-injection.Infra.Data\poc-dependency-injection.Infra.Data.csproj", "{822B6DBA-94A1-4F42-8EB0-AD7675D3DF2B}"
	ProjectSection(ProjectDependencies) = postProject
		{0CDB5810-1C82-41B0-816A-B61156741666} = {0CDB5810-1C82-41B0-816A-B61156741666}
	EndProjectSection
EndProject
Project("{FAE04EC0-301F-11D3-BF4B-00C04F79EFBC}") = "poc-dependency-injection.Infra.IoC", "..\poc-dependency-injection.Infra.IoC\poc-dependency-injection.Infra.IoC.csproj", "{623D33FA-25D5-4BEA-83FF-6FD567AE4A6E}"
	ProjectSection(ProjectDependencies) = postProject
		{0CDB5810-1C82-41B0-816A-B61156741666} = {0CDB5810-1C82-41B0-816A-B61156741666}
		{76BB8993-D1E9-4B25-A1F7-C7E2DD58E1D3} = {76BB8993-D1E9-4B25-A1F7-C7E2DD58E1D3}
		{822B6DBA-94A1-4F42-8EB0-AD7675D3DF2B} = {822B6DBA-94A1-4F42-8EB0-AD7675D3DF2B}
	EndProjectSection
EndProject
Global
	GlobalSection(SolutionConfigurationPlatforms) = preSolution
		Debug|Any CPU = Debug|Any CPU
		Release|Any CPU = Release|Any CPU
	EndGlobalSection
	GlobalSection(ProjectConfigurationPlatforms) = postSolution
		{86157D96-7707-4FF8-AE08-17CFFF7A8A54}.Debug|Any CPU.ActiveCfg = Debug|Any CPU
		{86157D96-7707-4FF8-AE08-17CFFF7A8A54}.Debug|Any CPU.Build.0 = Debug|Any CPU
		{86157D96-7707-4FF8-AE08-17CFFF7A8A54}.Release|Any CPU.ActiveCfg = Release|Any CPU
		{86157D96-7707-4FF8-AE08-17CFFF7A8A54}.Release|Any CPU.Build.0 = Release|Any CPU
		{4391E635-9BE8-4674-A2C4-4DEF93AF47E0}.Debug|Any CPU.ActiveCfg = Debug|Any CPU
		{4391E635-9BE8-4674-A2C4-4DEF93AF47E0}.Debug|Any CPU.Build.0 = Debug|Any CPU
		{4391E635-9BE8-4674-A2C4-4DEF93AF47E0}.Release|Any CPU.ActiveCfg = Release|Any CPU
		{4391E635-9BE8-4674-A2C4-4DEF93AF47E0}.Release|Any CPU.Build.0 = Release|Any CPU
		{76BB8993-D1E9-4B25-A1F7-C7E2DD58E1D3}.Debug|Any CPU.ActiveCfg = Debug|Any CPU
		{76BB8993-D1E9-4B25-A1F7-C7E2DD58E1D3}.Debug|Any CPU.Build.0 = Debug|Any CPU
		{76BB8993-D1E9-4B25-A1F7-C7E2DD58E1D3}.Release|Any CPU.ActiveCfg = Release|Any CPU
		{76BB8993-D1E9-4B25-A1F7-C7E2DD58E1D3}.Release|Any CPU.Build.0 = Release|Any CPU
		{0CDB5810-1C82-41B0-816A-B61156741666}.Debug|Any CPU.ActiveCfg = Debug|Any CPU
		{0CDB5810-1C82-41B0-816A-B61156741666}.Debug|Any CPU.Build.0 = Debug|Any CPU
		{0CDB5810-1C82-41B0-816A-B61156741666}.Release|Any CPU.ActiveCfg = Release|Any CPU
		{0CDB5810-1C82-41B0-816A-B61156741666}.Release|Any CPU.Build.0 = Release|Any CPU
		{822B6DBA-94A1-4F42-8EB0-AD7675D3DF2B}.Debug|Any CPU.ActiveCfg = Debug|Any CPU
		{822B6DBA-94A1-4F42-8EB0-AD7675D3DF2B}.Debug|Any CPU.Build.0 = Debug|Any CPU
		{822B6DBA-94A1-4F42-8EB0-AD7675D3DF2B}.Release|Any CPU.ActiveCfg = Release|Any CPU
		{822B6DBA-94A1-4F42-8EB0-AD7675D3DF2B}.Release|Any CPU.Build.0 = Release|Any CPU
		{623D33FA-25D5-4BEA-83FF-6FD567AE4A6E}.Debug|Any CPU.ActiveCfg = Debug|Any CPU
		{623D33FA-25D5-4BEA-83FF-6FD567AE4A6E}.Debug|Any CPU.Build.0 = Debug|Any CPU
		{623D33FA-25D5-4BEA-83FF-6FD567AE4A6E}.Release|Any CPU.ActiveCfg = Release|Any CPU
		{623D33FA-25D5-4BEA-83FF-6FD567AE4A6E}.Release|Any CPU.Build.0 = Release|Any CPU
	EndGlobalSection
	GlobalSection(SolutionProperties) = preSolution
		HideSolutionNode = FALSE
	EndGlobalSection
	GlobalSection(ExtensibilityGlobals) = postSolution
		SolutionGuid = {9339F6DC-ED98-460C-8910-485EDB406267}
	EndGlobalSection
EndGlobal
